{
  "name": "jse",
  "version": "1.0.0",
  "lockfileVersion": 3,
  "requires": true,
  "packages": {
    "": {
      "name": "jse",
      "version": "1.0.0",
      "license": "MIT",
      "dependencies": {
        "fs.promises.exists": "^1.1.4"
      }
    },
    "node_modules/fs.promises.exists": {
      "version": "1.1.4",
      "resolved": "https://registry.npmjs.org/fs.promises.exists/-/fs.promises.exists-1.1.4.tgz",
      "integrity": "sha512-lJzUGWbZn8vhGWBedA+RYjB/BeJ+3458ljUfmplqhIeb6ewzTFWNPCR1HCiYCkXV9zxcHz9zXkJzMsEgDLzh3Q==",
      "license": "MIT",
      "funding": {
        "url": "https://github.com/privatenumber/fs.promises.exists?sponsor=1"
      }
    }
  }
}
